
Microsoft Visual Studio Solution File, Format Version 12.00
# Visual Studio 15
VisualStudioVersion = 15.0.27428.2037
MinimumVisualStudioVersion = 10.0.40219.1
Project("{FAE04EC0-301F-11D3-BF4B-00C04F79EFBC}") = "WindowsFormsApp4", "WindowsFormsApp4\WindowsFormsApp4.csproj", "{2A56CFFB-18D3-44F9-AC74-1F6CBE6BDF00}"
EndProject
Global
	GlobalSection(SolutionConfigurationPlatforms) = preSolution
		Debug|Any CPU = Debug|Any CPU
		Release|Any CPU = Release|Any CPU
	EndGlobalSection
	GlobalSection(ProjectConfigurationPlatforms) = postSolution
		{2A56CFFB-18D3-44F9-AC74-1F6CBE6BDF00}.Debug|Any CPU.ActiveCfg = Debug|Any CPU
		{2A56CFFB-18D3-44F9-AC74-1F6CBE6BDF00}.Debug|Any CPU.Build.0 = Debug|Any CPU
		{2A56CFFB-18D3-44F9-AC74-1F6CBE6BDF00}.Release|Any CPU.ActiveCfg = Release|Any CPU
		{2A56CFFB-18D3-44F9-AC74-1F6CBE6BDF00}.Release|Any CPU.Build.0 = Release|Any CPU
	EndGlobalSection
	GlobalSection(SolutionProperties) = preSolution
		HideSolutionNode = FALSE
	EndGlobalSection
	GlobalSection(ExtensibilityGlobals) = postSolution
		SolutionGuid = {CCB87B0B-C8CC-4807-8F45-6686DBF25695}
	EndGlobalSection
EndGlobal
